
Microsoft Visual Studio Solution File, Format Version 12.00
# Visual Studio 15
VisualStudioVersion = 15.0.28307.902
MinimumVisualStudioVersion = 10.0.40219.1
Project("{FAE04EC0-301F-11D3-BF4B-00C04F79EFBC}") = "PenseBem.Android", "PenseBem\PenseBem.Android\PenseBem.Android.csproj", "{4BE899CB-FFB4-4E2E-8F41-3FD280CC130E}"
EndProject
Project("{FAE04EC0-301F-11D3-BF4B-00C04F79EFBC}") = "PenseBem", "PenseBem\PenseBem\PenseBem.csproj", "{6F5EDA1D-F5DA-494B-B675-F2B708DCE0C0}"
EndProject
Global
	GlobalSection(SolutionConfigurationPlatforms) = preSolution
		Debug|Any CPU = Debug|Any CPU
		Release|Any CPU = Release|Any CPU
	EndGlobalSection
	GlobalSection(ProjectConfigurationPlatforms) = postSolution
		{4BE899CB-FFB4-4E2E-8F41-3FD280CC130E}.Debug|Any CPU.ActiveCfg = Debug|Any CPU
		{4BE899CB-FFB4-4E2E-8F41-3FD280CC130E}.Debug|Any CPU.Build.0 = Debug|Any CPU
		{4BE899CB-FFB4-4E2E-8F41-3FD280CC130E}.Debug|Any CPU.Deploy.0 = Debug|Any CPU
		{4BE899CB-FFB4-4E2E-8F41-3FD280CC130E}.Release|Any CPU.ActiveCfg = Release|Any CPU
		{4BE899CB-FFB4-4E2E-8F41-3FD280CC130E}.Release|Any CPU.Build.0 = Release|Any CPU
		{4BE899CB-FFB4-4E2E-8F41-3FD280CC130E}.Release|Any CPU.Deploy.0 = Release|Any CPU
		{6F5EDA1D-F5DA-494B-B675-F2B708DCE0C0}.Debug|Any CPU.ActiveCfg = Debug|Any CPU
		{6F5EDA1D-F5DA-494B-B675-F2B708DCE0C0}.Debug|Any CPU.Build.0 = Debug|Any CPU
		{6F5EDA1D-F5DA-494B-B675-F2B708DCE0C0}.Debug|Any CPU.Deploy.0 = Debug|Any CPU
		{6F5EDA1D-F5DA-494B-B675-F2B708DCE0C0}.Release|Any CPU.ActiveCfg = Release|Any CPU
		{6F5EDA1D-F5DA-494B-B675-F2B708DCE0C0}.Release|Any CPU.Build.0 = Release|Any CPU
		{6F5EDA1D-F5DA-494B-B675-F2B708DCE0C0}.Release|Any CPU.Deploy.0 = Release|Any CPU
	EndGlobalSection
	GlobalSection(SolutionProperties) = preSolution
		HideSolutionNode = FALSE
	EndGlobalSection
	GlobalSection(ExtensibilityGlobals) = postSolution
		SolutionGuid = {A91B30C3-2B42-4AC0-B7B6-1E92C83768F7}
	EndGlobalSection
EndGlobal
